
Microsoft Visual Studio Solution File, Format Version 11.00
# Visual Studio 2010
Project("{FAE04EC0-301F-11D3-BF4B-00C04F79EFBC}") = "UnityEngine.TestRunner", "UnityEngine.TestRunner.csproj", "{df5929c5-1c79-973c-7472-906029325961}"
EndProject
Project("{FAE04EC0-301F-11D3-BF4B-00C04F79EFBC}") = "UnityEngine.UI", "UnityEngine.UI.csproj", "{9eefc83b-9e5e-7324-33ec-7b92ac3081bd}"
EndProject
Project("{FAE04EC0-301F-11D3-BF4B-00C04F79EFBC}") = "Unity.VisualScripting.Flow", "Unity.VisualScripting.Flow.csproj", "{4697e248-fda2-e70e-558b-230a521578aa}"
EndProject
Project("{FAE04EC0-301F-11D3-BF4B-00C04F79EFBC}") = "Unity.Services.Core.Telemetry", "Unity.Services.Core.Telemetry.csproj", "{16aab685-56bf-d5df-c7bb-5e5de1e651fc}"
EndProject
Project("{FAE04EC0-301F-11D3-BF4B-00C04F79EFBC}") = "Unity.VisualScripting.State", "Unity.VisualScripting.State.csproj", "{eda7b624-f473-7b39-1c4a-715f4107ca10}"
EndProject
Project("{FAE04EC0-301F-11D3-BF4B-00C04F79EFBC}") = "Unity.VisualScripting.Core", "Unity.VisualScripting.Core.csproj", "{a2dc000b-c455-b499-8e0d-94bf3e2a4655}"
EndProject
Project("{FAE04EC0-301F-11D3-BF4B-00C04F79EFBC}") = "Unity.Services.Core.Environments.Internal", "Unity.Services.Core.Environments.Internal.csproj", "{22a91e37-dc31-ed83-8d86-93b9c74d569a}"
EndProject
Project("{FAE04EC0-301F-11D3-BF4B-00C04F79EFBC}") = "Unity.TextMeshPro", "Unity.TextMeshPro.csproj", "{ebc13ca5-2191-2eb4-1b2f-8d5cea7b0d46}"
EndProject
Project("{FAE04EC0-301F-11D3-BF4B-00C04F79EFBC}") = "Unity.Timeline", "Unity.Timeline.csproj", "{92b4c8f4-94ed-ff31-0af4-2be64e782834}"
EndProject
Project("{FAE04EC0-301F-11D3-BF4B-00C04F79EFBC}") = "Unity.Services.Core", "Unity.Services.Core.csproj", "{440b1445-5883-c135-8e09-c6a866981375}"
EndProject
Project("{FAE04EC0-301F-11D3-BF4B-00C04F79EFBC}") = "Unity.Services.Core.Environments", "Unity.Services.Core.Environments.csproj", "{17e5fd8f-fb2e-e940-6369-b6c4b93c0523}"
EndProject
Project("{FAE04EC0-301F-11D3-BF4B-00C04F79EFBC}") = "Unity.Services.Core.Internal", "Unity.Services.Core.Internal.csproj", "{0253ce9d-3a37-fcca-45ca-a386f9936cdc}"
EndProject
Project("{FAE04EC0-301F-11D3-BF4B-00C04F79EFBC}") = "Assembly-CSharp", "Assembly-CSharp.csproj", "{f61472b5-d960-6e6c-e1a8-3b0abcb22e1a}"
EndProject
Project("{FAE04EC0-301F-11D3-BF4B-00C04F79EFBC}") = "Unity.Services.Core.Analytics", "Unity.Services.Core.Analytics.csproj", "{90d46094-4a2a-0751-4b16-896f848083c1}"
EndProject
Project("{FAE04EC0-301F-11D3-BF4B-00C04F79EFBC}") = "Unity.Services.Core.Scheduler", "Unity.Services.Core.Scheduler.csproj", "{7410bdde-0d6f-f7ac-a51d-3f81e44b2bd4}"
EndProject
Project("{FAE04EC0-301F-11D3-BF4B-00C04F79EFBC}") = "Unity.Services.Core.Registration", "Unity.Services.Core.Registration.csproj", "{4503907b-b6fa-4b27-fac6-e3f5cada3921}"
EndProject
Project("{FAE04EC0-301F-11D3-BF4B-00C04F79EFBC}") = "Unity.Services.Core.Device", "Unity.Services.Core.Device.csproj", "{3c3cccfc-b63b-3247-396c-74446c32abdb}"
EndProject
Project("{FAE04EC0-301F-11D3-BF4B-00C04F79EFBC}") = "Unity.Services.Core.Threading", "Unity.Services.Core.Threading.csproj", "{a1ea7fd3-c03f-4bf0-2b1f-96ef518b66bc}"
EndProject
Project("{FAE04EC0-301F-11D3-BF4B-00C04F79EFBC}") = "Unity.Services.Core.Networking", "Unity.Services.Core.Networking.csproj", "{c7c2b3d0-c36a-a801-2f15-1be16b63a071}"
EndProject
Project("{FAE04EC0-301F-11D3-BF4B-00C04F79EFBC}") = "Unity.Services.Core.Configuration", "Unity.Services.Core.Configuration.csproj", "{24fe8756-eb42-5267-d420-329193d86f66}"
EndProject
Project("{FAE04EC0-301F-11D3-BF4B-00C04F79EFBC}") = "Unity.PlasticSCM.Editor", "Unity.PlasticSCM.Editor.csproj", "{33601e66-b515-de76-941b-3fb76afe045c}"
EndProject
Project("{FAE04EC0-301F-11D3-BF4B-00C04F79EFBC}") = "Unity.VisualScripting.Core.Editor", "Unity.VisualScripting.Core.Editor.csproj", "{849b8ab1-5159-e2f7-ce12-43988a1599d3}"
EndProject
Project("{FAE04EC0-301F-11D3-BF4B-00C04F79EFBC}") = "Unity.VisualScripting.Flow.Editor", "Unity.VisualScripting.Flow.Editor.csproj", "{96915869-2abd-e5c7-2cd5-83fd82fe6c77}"
EndProject
Project("{FAE04EC0-301F-11D3-BF4B-00C04F79EFBC}") = "Unity.VisualStudio.Editor", "Unity.VisualStudio.Editor.csproj", "{b262a5e9-a3fe-9fc6-fac0-73989a29a4ae}"
EndProject
Project("{FAE04EC0-301F-11D3-BF4B-00C04F79EFBC}") = "Unity.Timeline.Editor", "Unity.Timeline.Editor.csproj", "{d849b736-0ce0-0ef0-967f-180bdc2e859e}"
EndProject
Project("{FAE04EC0-301F-11D3-BF4B-00C04F79EFBC}") = "Unity.VisualScripting.State.Editor", "Unity.VisualScripting.State.Editor.csproj", "{16023eb4-3790-2eab-627f-98391b14680f}"
EndProject
Project("{FAE04EC0-301F-11D3-BF4B-00C04F79EFBC}") = "Unity.TextMeshPro.Editor", "Unity.TextMeshPro.Editor.csproj", "{4c4b4a13-e7a6-ed57-7c47-94523440ca9a}"
EndProject
Project("{FAE04EC0-301F-11D3-BF4B-00C04F79EFBC}") = "Unity.VisualScripting.SettingsProvider.Editor", "Unity.VisualScripting.SettingsProvider.Editor.csproj", "{ed2fd9f9-6364-4e45-ea67-edc5ff1fc283}"
EndProject
Project("{FAE04EC0-301F-11D3-BF4B-00C04F79EFBC}") = "Unity.CollabProxy.Editor", "Unity.CollabProxy.Editor.csproj", "{21b3bebc-6706-e5aa-324f-d7d5eccfd6c4}"
EndProject
Project("{FAE04EC0-301F-11D3-BF4B-00C04F79EFBC}") = "UnityEditor.TestRunner", "UnityEditor.TestRunner.csproj", "{60d62eb7-2214-f406-f14e-7f326ee71a34}"
EndProject
Project("{FAE04EC0-301F-11D3-BF4B-00C04F79EFBC}") = "Unity.Services.Core.Editor", "Unity.Services.Core.Editor.csproj", "{b6c5c255-4be1-b2d2-d6ed-1d847598f462}"
EndProject
Project("{FAE04EC0-301F-11D3-BF4B-00C04F79EFBC}") = "Unity.TestTools.CodeCoverage.Editor", "Unity.TestTools.CodeCoverage.Editor.csproj", "{0f42b099-cda4-5e06-7470-2a825d6b1d07}"
EndProject
Project("{FAE04EC0-301F-11D3-BF4B-00C04F79EFBC}") = "Unity.Rider.Editor", "Unity.Rider.Editor.csproj", "{18fe7002-3827-c557-f75b-7211ea6c38f1}"
EndProject
Project("{FAE04EC0-301F-11D3-BF4B-00C04F79EFBC}") = "Unity.Performance.Profile-Analyzer.Editor", "Unity.Performance.Profile-Analyzer.Editor.csproj", "{9d59a05e-6da3-ea6d-cf38-dbee317c50b7}"
EndProject
Project("{FAE04EC0-301F-11D3-BF4B-00C04F79EFBC}") = "Unity.VSCode.Editor", "Unity.VSCode.Editor.csproj", "{0576dc9c-d271-294d-4ff5-10e53ea6509a}"
EndProject
Project("{FAE04EC0-301F-11D3-BF4B-00C04F79EFBC}") = "UnityEditor.UI", "UnityEditor.UI.csproj", "{2b1fd4e4-cf2a-6f7f-0d8d-34272c6934e1}"
EndProject
Project("{FAE04EC0-301F-11D3-BF4B-00C04F79EFBC}") = "Unity.TestTools.CodeCoverage.Editor.OpenCover.Model", "Unity.TestTools.CodeCoverage.Editor.OpenCover.Model.csproj", "{cfca925b-e1f4-be31-278d-6228e22fd2c5}"
EndProject
Project("{FAE04EC0-301F-11D3-BF4B-00C04F79EFBC}") = "Unity.EditorCoroutines.Editor", "Unity.EditorCoroutines.Editor.csproj", "{f394374b-7bff-2305-5e21-7d6453ef4a7d}"
EndProject
Project("{FAE04EC0-301F-11D3-BF4B-00C04F79EFBC}") = "Unity.Settings.Editor", "Unity.Settings.Editor.csproj", "{2171f30b-786f-e38c-0579-e6e36f886db6}"
EndProject
Project("{FAE04EC0-301F-11D3-BF4B-00C04F79EFBC}") = "Unity.Services.Core.Configuration.Editor", "Unity.Services.Core.Configuration.Editor.csproj", "{519cb698-e044-923e-c74a-5623db4d63ff}"
EndProject
Project("{FAE04EC0-301F-11D3-BF4B-00C04F79EFBC}") = "Unity.TestTools.CodeCoverage.Editor.OpenCover.Mono.Reflection", "Unity.TestTools.CodeCoverage.Editor.OpenCover.Mono.Reflection.csproj", "{951fd953-715e-757d-dd51-3df299d0f8b5}"
EndProject
Project("{FAE04EC0-301F-11D3-BF4B-00C04F79EFBC}") = "Unity.VisualScripting.Shared.Editor", "Unity.VisualScripting.Shared.Editor.csproj", "{7acf2ad3-b533-9810-cefe-c0aba59f5051}"
EndProject
Global
	GlobalSection(SolutionConfigurationPlatforms) = preSolution
		Debug|Any CPU = Debug|Any CPU
	EndGlobalSection
	GlobalSection(ProjectConfigurationPlatforms) = postSolution
		{df5929c5-1c79-973c-7472-906029325961}.Debug|Any CPU.ActiveCfg = Debug|Any CPU
		{df5929c5-1c79-973c-7472-906029325961}.Debug|Any CPU.Build.0 = Debug|Any CPU
		{9eefc83b-9e5e-7324-33ec-7b92ac3081bd}.Debug|Any CPU.ActiveCfg = Debug|Any CPU
		{9eefc83b-9e5e-7324-33ec-7b92ac3081bd}.Debug|Any CPU.Build.0 = Debug|Any CPU
		{4697e248-fda2-e70e-558b-230a521578aa}.Debug|Any CPU.ActiveCfg = Debug|Any CPU
		{4697e248-fda2-e70e-558b-230a521578aa}.Debug|Any CPU.Build.0 = Debug|Any CPU
		{16aab685-56bf-d5df-c7bb-5e5de1e651fc}.Debug|Any CPU.ActiveCfg = Debug|Any CPU
		{16aab685-56bf-d5df-c7bb-5e5de1e651fc}.Debug|Any CPU.Build.0 = Debug|Any CPU
		{eda7b624-f473-7b39-1c4a-715f4107ca10}.Debug|Any CPU.ActiveCfg = Debug|Any CPU
		{eda7b624-f473-7b39-1c4a-715f4107ca10}.Debug|Any CPU.Build.0 = Debug|Any CPU
		{a2dc000b-c455-b499-8e0d-94bf3e2a4655}.Debug|Any CPU.ActiveCfg = Debug|Any CPU
		{a2dc000b-c455-b499-8e0d-94bf3e2a4655}.Debug|Any CPU.Build.0 = Debug|Any CPU
		{22a91e37-dc31-ed83-8d86-93b9c74d569a}.Debug|Any CPU.ActiveCfg = Debug|Any CPU
		{22a91e37-dc31-ed83-8d86-93b9c74d569a}.Debug|Any CPU.Build.0 = Debug|Any CPU
		{ebc13ca5-2191-2eb4-1b2f-8d5cea7b0d46}.Debug|Any CPU.ActiveCfg = Debug|Any CPU
		{ebc13ca5-2191-2eb4-1b2f-8d5cea7b0d46}.Debug|Any CPU.Build.0 = Debug|Any CPU
		{92b4c8f4-94ed-ff31-0af4-2be64e782834}.Debug|Any CPU.ActiveCfg = Debug|Any CPU
		{92b4c8f4-94ed-ff31-0af4-2be64e782834}.Debug|Any CPU.Build.0 = Debug|Any CPU
		{440b1445-5883-c135-8e09-c6a866981375}.Debug|Any CPU.ActiveCfg = Debug|Any CPU
		{440b1445-5883-c135-8e09-c6a866981375}.Debug|Any CPU.Build.0 = Debug|Any CPU
		{17e5fd8f-fb2e-e940-6369-b6c4b93c0523}.Debug|Any CPU.ActiveCfg = Debug|Any CPU
		{17e5fd8f-fb2e-e940-6369-b6c4b93c0523}.Debug|Any CPU.Build.0 = Debug|Any CPU
		{0253ce9d-3a37-fcca-45ca-a386f9936cdc}.Debug|Any CPU.ActiveCfg = Debug|Any CPU
		{0253ce9d-3a37-fcca-45ca-a386f9936cdc}.Debug|Any CPU.Build.0 = Debug|Any CPU
		{f61472b5-d960-6e6c-e1a8-3b0abcb22e1a}.Debug|Any CPU.ActiveCfg = Debug|Any CPU
		{f61472b5-d960-6e6c-e1a8-3b0abcb22e1a}.Debug|Any CPU.Build.0 = Debug|Any CPU
		{90d46094-4a2a-0751-4b16-896f848083c1}.Debug|Any CPU.ActiveCfg = Debug|Any CPU
		{90d46094-4a2a-0751-4b16-896f848083c1}.Debug|Any CPU.Build.0 = Debug|Any CPU
		{7410bdde-0d6f-f7ac-a51d-3f81e44b2bd4}.Debug|Any CPU.ActiveCfg = Debug|Any CPU
		{7410bdde-0d6f-f7ac-a51d-3f81e44b2bd4}.Debug|Any CPU.Build.0 = Debug|Any CPU
		{4503907b-b6fa-4b27-fac6-e3f5cada3921}.Debug|Any CPU.ActiveCfg = Debug|Any CPU
		{4503907b-b6fa-4b27-fac6-e3f5cada3921}.Debug|Any CPU.Build.0 = Debug|Any CPU
		{3c3cccfc-b63b-3247-396c-74446c32abdb}.Debug|Any CPU.ActiveCfg = Debug|Any CPU
		{3c3cccfc-b63b-3247-396c-74446c32abdb}.Debug|Any CPU.Build.0 = Debug|Any CPU
		{a1ea7fd3-c03f-4bf0-2b1f-96ef518b66bc}.Debug|Any CPU.ActiveCfg = Debug|Any CPU
		{a1ea7fd3-c03f-4bf0-2b1f-96ef518b66bc}.Debug|Any CPU.Build.0 = Debug|Any CPU
		{c7c2b3d0-c36a-a801-2f15-1be16b63a071}.Debug|Any CPU.ActiveCfg = Debug|Any CPU
		{c7c2b3d0-c36a-a801-2f15-1be16b63a071}.Debug|Any CPU.Build.0 = Debug|Any CPU
		{24fe8756-eb42-5267-d420-329193d86f66}.Debug|Any CPU.ActiveCfg = Debug|Any CPU
		{24fe8756-eb42-5267-d420-329193d86f66}.Debug|Any CPU.Build.0 = Debug|Any CPU
		{33601e66-b515-de76-941b-3fb76afe045c}.Debug|Any CPU.ActiveCfg = Debug|Any CPU
		{33601e66-b515-de76-941b-3fb76afe045c}.Debug|Any CPU.Build.0 = Debug|Any CPU
		{849b8ab1-5159-e2f7-ce12-43988a1599d3}.Debug|Any CPU.ActiveCfg = Debug|Any CPU
		{849b8ab1-5159-e2f7-ce12-43988a1599d3}.Debug|Any CPU.Build.0 = Debug|Any CPU
		{96915869-2abd-e5c7-2cd5-83fd82fe6c77}.Debug|Any CPU.ActiveCfg = Debug|Any CPU
		{96915869-2abd-e5c7-2cd5-83fd82fe6c77}.Debug|Any CPU.Build.0 = Debug|Any CPU
		{b262a5e9-a3fe-9fc6-fac0-73989a29a4ae}.Debug|Any CPU.ActiveCfg = Debug|Any CPU
		{b262a5e9-a3fe-9fc6-fac0-73989a29a4ae}.Debug|Any CPU.Build.0 = Debug|Any CPU
		{d849b736-0ce0-0ef0-967f-180bdc2e859e}.Debug|Any CPU.ActiveCfg = Debug|Any CPU
		{d849b736-0ce0-0ef0-967f-180bdc2e859e}.Debug|Any CPU.Build.0 = Debug|Any CPU
		{16023eb4-3790-2eab-627f-98391b14680f}.Debug|Any CPU.ActiveCfg = Debug|Any CPU
		{16023eb4-3790-2eab-627f-98391b14680f}.Debug|Any CPU.Build.0 = Debug|Any CPU
		{4c4b4a13-e7a6-ed57-7c47-94523440ca9a}.Debug|Any CPU.ActiveCfg = Debug|Any CPU
		{4c4b4a13-e7a6-ed57-7c47-94523440ca9a}.Debug|Any CPU.Build.0 = Debug|Any CPU
		{ed2fd9f9-6364-4e45-ea67-edc5ff1fc283}.Debug|Any CPU.ActiveCfg = Debug|Any CPU
		{ed2fd9f9-6364-4e45-ea67-edc5ff1fc283}.Debug|Any CPU.Build.0 = Debug|Any CPU
		{21b3bebc-6706-e5aa-324f-d7d5eccfd6c4}.Debug|Any CPU.ActiveCfg = Debug|Any CPU
		{21b3bebc-6706-e5aa-324f-d7d5eccfd6c4}.Debug|Any CPU.Build.0 = Debug|Any CPU
		{60d62eb7-2214-f406-f14e-7f326ee71a34}.Debug|Any CPU.ActiveCfg = Debug|Any CPU
		{60d62eb7-2214-f406-f14e-7f326ee71a34}.Debug|Any CPU.Build.0 = Debug|Any CPU
		{b6c5c255-4be1-b2d2-d6ed-1d847598f462}.Debug|Any CPU.ActiveCfg = Debug|Any CPU
		{b6c5c255-4be1-b2d2-d6ed-1d847598f462}.Debug|Any CPU.Build.0 = Debug|Any CPU
		{0f42b099-cda4-5e06-7470-2a825d6b1d07}.Debug|Any CPU.ActiveCfg = Debug|Any CPU
		{0f42b099-cda4-5e06-7470-2a825d6b1d07}.Debug|Any CPU.Build.0 = Debug|Any CPU
		{18fe7002-3827-c557-f75b-7211ea6c38f1}.Debug|Any CPU.ActiveCfg = Debug|Any CPU
		{18fe7002-3827-c557-f75b-7211ea6c38f1}.Debug|Any CPU.Build.0 = Debug|Any CPU
		{9d59a05e-6da3-ea6d-cf38-dbee317c50b7}.Debug|Any CPU.ActiveCfg = Debug|Any CPU
		{9d59a05e-6da3-ea6d-cf38-dbee317c50b7}.Debug|Any CPU.Build.0 = Debug|Any CPU
		{0576dc9c-d271-294d-4ff5-10e53ea6509a}.Debug|Any CPU.ActiveCfg = Debug|Any CPU
		{0576dc9c-d271-294d-4ff5-10e53ea6509a}.Debug|Any CPU.Build.0 = Debug|Any CPU
		{2b1fd4e4-cf2a-6f7f-0d8d-34272c6934e1}.Debug|Any CPU.ActiveCfg = Debug|Any CPU
		{2b1fd4e4-cf2a-6f7f-0d8d-34272c6934e1}.Debug|Any CPU.Build.0 = Debug|Any CPU
		{cfca925b-e1f4-be31-278d-6228e22fd2c5}.Debug|Any CPU.ActiveCfg = Debug|Any CPU
		{cfca925b-e1f4-be31-278d-6228e22fd2c5}.Debug|Any CPU.Build.0 = Debug|Any CPU
		{f394374b-7bff-2305-5e21-7d6453ef4a7d}.Debug|Any CPU.ActiveCfg = Debug|Any CPU
		{f394374b-7bff-2305-5e21-7d6453ef4a7d}.Debug|Any CPU.Build.0 = Debug|Any CPU
		{2171f30b-786f-e38c-0579-e6e36f886db6}.Debug|Any CPU.ActiveCfg = Debug|Any CPU
		{2171f30b-786f-e38c-0579-e6e36f886db6}.Debug|Any CPU.Build.0 = Debug|Any CPU
		{519cb698-e044-923e-c74a-5623db4d63ff}.Debug|Any CPU.ActiveCfg = Debug|Any CPU
		{519cb698-e044-923e-c74a-5623db4d63ff}.Debug|Any CPU.Build.0 = Debug|Any CPU
		{951fd953-715e-757d-dd51-3df299d0f8b5}.Debug|Any CPU.ActiveCfg = Debug|Any CPU
		{951fd953-715e-757d-dd51-3df299d0f8b5}.Debug|Any CPU.Build.0 = Debug|Any CPU
		{7acf2ad3-b533-9810-cefe-c0aba59f5051}.Debug|Any CPU.ActiveCfg = Debug|Any CPU
		{7acf2ad3-b533-9810-cefe-c0aba59f5051}.Debug|Any CPU.Build.0 = Debug|Any CPU
	EndGlobalSection
	GlobalSection(SolutionProperties) = preSolution
		HideSolutionNode = FALSE
	EndGlobalSection
EndGlobal
